
Microsoft Visual Studio Solution File, Format Version 12.00
# Visual Studio Version 16
VisualStudioVersion = 16.0.31613.86
MinimumVisualStudioVersion = 10.0.40219.1
Project("{FAE04EC0-301F-11D3-BF4B-00C04F79EFBC}") = "SPA", "SPA\SPA.csproj", "{EFEB4A6A-2D5B-4448-B0F8-817B0242AFBC}"
EndProject
Global
	GlobalSection(SolutionConfigurationPlatforms) = preSolution
		Debug|Any CPU = Debug|Any CPU
		Release|Any CPU = Release|Any CPU
	EndGlobalSection
	GlobalSection(ProjectConfigurationPlatforms) = postSolution
		{EFEB4A6A-2D5B-4448-B0F8-817B0242AFBC}.Debug|Any CPU.ActiveCfg = Debug|Any CPU
		{EFEB4A6A-2D5B-4448-B0F8-817B0242AFBC}.Debug|Any CPU.Build.0 = Debug|Any CPU
		{EFEB4A6A-2D5B-4448-B0F8-817B0242AFBC}.Release|Any CPU.ActiveCfg = Release|Any CPU
		{EFEB4A6A-2D5B-4448-B0F8-817B0242AFBC}.Release|Any CPU.Build.0 = Release|Any CPU
	EndGlobalSection
	GlobalSection(SolutionProperties) = preSolution
		HideSolutionNode = FALSE
	EndGlobalSection
	GlobalSection(ExtensibilityGlobals) = postSolution
		SolutionGuid = {0A4D6B02-1D54-4B38-A0C5-D659EDA52821}
	EndGlobalSection
EndGlobal
